
Microsoft Visual Studio Solution File, Format Version 12.00
# Visual Studio Version 16
VisualStudioVersion = 16.0.32228.343
MinimumVisualStudioVersion = 10.0.40219.1
Project("{9A19103F-16F7-4668-BE54-9A1E7A4F7556}") = "RevenueAITask", "RevenueAITask.csproj", "{39841D0F-764C-4A7D-B2C9-874073135AB3}"
EndProject
Global
	GlobalSection(SolutionConfigurationPlatforms) = preSolution
		Debug|Any CPU = Debug|Any CPU
		Release|Any CPU = Release|Any CPU
	EndGlobalSection
	GlobalSection(ProjectConfigurationPlatforms) = postSolution
		{39841D0F-764C-4A7D-B2C9-874073135AB3}.Debug|Any CPU.ActiveCfg = Debug|Any CPU
		{39841D0F-764C-4A7D-B2C9-874073135AB3}.Debug|Any CPU.Build.0 = Debug|Any CPU
		{39841D0F-764C-4A7D-B2C9-874073135AB3}.Release|Any CPU.ActiveCfg = Release|Any CPU
		{39841D0F-764C-4A7D-B2C9-874073135AB3}.Release|Any CPU.Build.0 = Release|Any CPU
	EndGlobalSection
	GlobalSection(SolutionProperties) = preSolution
		HideSolutionNode = FALSE
	EndGlobalSection
	GlobalSection(ExtensibilityGlobals) = postSolution
		SolutionGuid = {D5BE1A3A-AF07-4ED9-A464-172BC781709B}
	EndGlobalSection
EndGlobal
